
Microsoft Visual Studio Solution File, Format Version 12.00
# Visual Studio Version 16
VisualStudioVersion = 16.11.37206.5
MinimumVisualStudioVersion = 10.0.40219.1
Project("{8BC9CEB8-8B4A-11D0-8D11-00A0C91BC942}") = "XCutsim-Broach", "cutsim.vcxproj", "{F28E2FCF-B12D-7557-FF1A-E7214601020D}"
EndProject
Global
	GlobalSection(SolutionConfigurationPlatforms) = preSolution
		Debug|x64 = Debug|x64
		Release|x64 = Release|x64
	EndGlobalSection
	GlobalSection(ProjectConfigurationPlatforms) = postSolution
		{F28E2FCF-B12D-7557-FF1A-E7214601020D}.Debug|x64.ActiveCfg = Debug|x64
		{F28E2FCF-B12D-7557-FF1A-E7214601020D}.Debug|x64.Build.0 = Debug|x64
		{F28E2FCF-B12D-7557-FF1A-E7214601020D}.Release|x64.ActiveCfg = Release|x64
		{F28E2FCF-B12D-7557-FF1A-E7214601020D}.Release|x64.Build.0 = Release|x64
	EndGlobalSection
	GlobalSection(SolutionProperties) = preSolution
		HideSolutionNode = FALSE
	EndGlobalSection
	GlobalSection(ExtensibilityGlobals) = postSolution
		SolutionGuid = {34A66A2C-8B29-41AB-9484-C5C861426A48}
	EndGlobalSection
EndGlobal
